// !$*UTF8*$!
{
	archiveVersion = 1;
	classes = {
	};
	objectVersion = 46;
	objects = {

/* Begin PBXBuildFile section */
		7A78CC9AE7E143978B28D429 /* libPods-RenHaiGHUnitTest.a in Frameworks */ = {isa = PBXBuildFile; fileRef = DF74808344254C64A074972F /* libPods-RenHaiGHUnitTest.a */; };
		C15369EAD9D54E87A40074DC /* libPods.a in Frameworks */ = {isa = PBXBuildFile; fileRef = 9B66314B17C746578ACF6BD6 /* libPods.a */; };
		C55B43EC17CF580A009BB21B /* UIKit.framework in Frameworks */ = {isa = PBXBuildFile; fileRef = C55B43EB17CF580A009BB21B /* UIKit.framework */; };
		C55B43EE17CF580A009BB21B /* Foundation.framework in Frameworks */ = {isa = PBXBuildFile; fileRef = C55B43ED17CF580A009BB21B /* Foundation.framework */; };
		C55B43F017CF580A009BB21B /* CoreGraphics.framework in Frameworks */ = {isa = PBXBuildFile; fileRef = C55B43EF17CF580A009BB21B /* CoreGraphics.framework */; };
		C55B43F617CF580A009BB21B /* InfoPlist.strings in Resources */ = {isa = PBXBuildFile; fileRef = C55B43F417CF580A009BB21B /* InfoPlist.strings */; };
		C55B43F817CF580A009BB21B /* main.m in Sources */ = {isa = PBXBuildFile; fileRef = C55B43F717CF580A009BB21B /* main.m */; };
		C55B43FC17CF580A009BB21B /* AppDelegate.m in Sources */ = {isa = PBXBuildFile; fileRef = C55B43FB17CF580A009BB21B /* AppDelegate.m */; };
		C55B43FE17CF580A009BB21B /* Default.png in Resources */ = {isa = PBXBuildFile; fileRef = C55B43FD17CF580A009BB21B /* Default.png */; };
		C55B440017CF580A009BB21B /* Default@2x.png in Resources */ = {isa = PBXBuildFile; fileRef = C55B43FF17CF580A009BB21B /* Default@2x.png */; };
		C55B440217CF580A009BB21B /* Default-568h@2x.png in Resources */ = {isa = PBXBuildFile; fileRef = C55B440117CF580A009BB21B /* Default-568h@2x.png */; };
		C55B440517CF580A009BB21B /* MainStoryboard_iPhone.storyboard in Resources */ = {isa = PBXBuildFile; fileRef = C55B440317CF580A009BB21B /* MainStoryboard_iPhone.storyboard */; };
		C55B440817CF580A009BB21B /* MainStoryboard_iPad.storyboard in Resources */ = {isa = PBXBuildFile; fileRef = C55B440617CF580A009BB21B /* MainStoryboard_iPad.storyboard */; };
		C55B440B17CF580A009BB21B /* ViewController.m in Sources */ = {isa = PBXBuildFile; fileRef = C55B440A17CF580A009BB21B /* ViewController.m */; };
		C55B442217CF5992009BB21B /* UIKit.framework in Frameworks */ = {isa = PBXBuildFile; fileRef = C55B43EB17CF580A009BB21B /* UIKit.framework */; };
		C55B442317CF5992009BB21B /* Foundation.framework in Frameworks */ = {isa = PBXBuildFile; fileRef = C55B43ED17CF580A009BB21B /* Foundation.framework */; };
		C55B442417CF5992009BB21B /* CoreGraphics.framework in Frameworks */ = {isa = PBXBuildFile; fileRef = C55B43EF17CF580A009BB21B /* CoreGraphics.framework */; };
		C55B442A17CF5992009BB21B /* InfoPlist.strings in Resources */ = {isa = PBXBuildFile; fileRef = C55B442817CF5992009BB21B /* InfoPlist.strings */; };
		C55B442C17CF5992009BB21B /* main.m in Sources */ = {isa = PBXBuildFile; fileRef = C55B442B17CF5992009BB21B /* main.m */; };
		C55B443217CF5993009BB21B /* Default.png in Resources */ = {isa = PBXBuildFile; fileRef = C55B443117CF5993009BB21B /* Default.png */; };
		C55B443417CF5993009BB21B /* Default@2x.png in Resources */ = {isa = PBXBuildFile; fileRef = C55B443317CF5993009BB21B /* Default@2x.png */; };
		C55B443617CF5993009BB21B /* Default-568h@2x.png in Resources */ = {isa = PBXBuildFile; fileRef = C55B443517CF5993009BB21B /* Default-568h@2x.png */; };
		C55B443917CF5993009BB21B /* ViewController.m in Sources */ = {isa = PBXBuildFile; fileRef = C55B443817CF5993009BB21B /* ViewController.m */; };
		C55B443C17CF5993009BB21B /* ViewController_iPhone.xib in Resources */ = {isa = PBXBuildFile; fileRef = C55B443A17CF5993009BB21B /* ViewController_iPhone.xib */; };
		C55B443F17CF5993009BB21B /* ViewController_iPad.xib in Resources */ = {isa = PBXBuildFile; fileRef = C55B443D17CF5993009BB21B /* ViewController_iPad.xib */; };
		C55B444717CF5B72009BB21B /* GHUnitSampleTest.m in Sources */ = {isa = PBXBuildFile; fileRef = C55B444617CF5B72009BB21B /* GHUnitSampleTest.m */; };
		C55B445117CF5C14009BB21B /* GTMBase64.m in Sources */ = {isa = PBXBuildFile; fileRef = C55B444F17CF5C14009BB21B /* GTMBase64.m */; settings = {COMPILER_FLAGS = "-fno-objc-arc"; }; };
		C55B445217CF5C14009BB21B /* GTMBase64.m in Sources */ = {isa = PBXBuildFile; fileRef = C55B444F17CF5C14009BB21B /* GTMBase64.m */; settings = {COMPILER_FLAGS = "-fno-objc-arc"; }; };
		C55B445517CF5DFA009BB21B /* Crashlytics.framework in Frameworks */ = {isa = PBXBuildFile; fileRef = C55B445417CF5DFA009BB21B /* Crashlytics.framework */; };
		C55B445D17CF8632009BB21B /* Icon-72.png in Resources */ = {isa = PBXBuildFile; fileRef = C55B445617CF8632009BB21B /* Icon-72.png */; };
		C55B445E17CF8632009BB21B /* Icon-72.png in Resources */ = {isa = PBXBuildFile; fileRef = C55B445617CF8632009BB21B /* Icon-72.png */; };
		C55B445F17CF8632009BB21B /* Icon-Small-50.png in Resources */ = {isa = PBXBuildFile; fileRef = C55B445717CF8632009BB21B /* Icon-Small-50.png */; };
		C55B446017CF8632009BB21B /* Icon-Small-50.png in Resources */ = {isa = PBXBuildFile; fileRef = C55B445717CF8632009BB21B /* Icon-Small-50.png */; };
		C55B446117CF8632009BB21B /* Icon-Small.png in Resources */ = {isa = PBXBuildFile; fileRef = C55B445817CF8632009BB21B /* Icon-Small.png */; };
		C55B446217CF8632009BB21B /* Icon-Small.png in Resources */ = {isa = PBXBuildFile; fileRef = C55B445817CF8632009BB21B /* Icon-Small.png */; };
		C55B446317CF8632009BB21B /* Icon-Small@2x.png in Resources */ = {isa = PBXBuildFile; fileRef = C55B445917CF8632009BB21B /* Icon-Small@2x.png */; };
		C55B446417CF8632009BB21B /* Icon-Small@2x.png in Resources */ = {isa = PBXBuildFile; fileRef = C55B445917CF8632009BB21B /* Icon-Small@2x.png */; };
		C55B446517CF8632009BB21B /* Icon.png in Resources */ = {isa = PBXBuildFile; fileRef = C55B445A17CF8632009BB21B /* Icon.png */; };
		C55B446617CF8632009BB21B /* Icon.png in Resources */ = {isa = PBXBuildFile; fileRef = C55B445A17CF8632009BB21B /* Icon.png */; };
		C55B446717CF8632009BB21B /* Icon@2x.png in Resources */ = {isa = PBXBuildFile; fileRef = C55B445B17CF8632009BB21B /* Icon@2x.png */; };
		C55B446817CF8632009BB21B /* Icon@2x.png in Resources */ = {isa = PBXBuildFile; fileRef = C55B445B17CF8632009BB21B /* Icon@2x.png */; };
		C55B446917CF8632009BB21B /* iTunesArtwork in Resources */ = {isa = PBXBuildFile; fileRef = C55B445C17CF8632009BB21B /* iTunesArtwork */; };
		C55B446A17CF8632009BB21B /* iTunesArtwork in Resources */ = {isa = PBXBuildFile; fileRef = C55B445C17CF8632009BB21B /* iTunesArtwork */; };
/* End PBXBuildFile section */

/* Begin PBXFileReference section */
		92519C2C061245F9942C7EC7 /* Pods-RenHaiGHUnitTest.xcconfig */ = {isa = PBXFileReference; includeInIndex = 1; lastKnownFileType = text.xcconfig; name = "Pods-RenHaiGHUnitTest.xcconfig"; path = "Pods/Pods-RenHaiGHUnitTest.xcconfig"; sourceTree = SOURCE_ROOT; };
		9B66314B17C746578ACF6BD6 /* libPods.a */ = {isa = PBXFileReference; explicitFileType = archive.ar; includeInIndex = 0; path = libPods.a; sourceTree = BUILT_PRODUCTS_DIR; };
		BE6EB6DB7AC443EFBAAD45CD /* Pods.xcconfig */ = {isa = PBXFileReference; includeInIndex = 1; lastKnownFileType = text.xcconfig; name = Pods.xcconfig; path = Pods/Pods.xcconfig; sourceTree = SOURCE_ROOT; };
		C55B43E817CF580A009BB21B /* 人海.app */ = {isa = PBXFileReference; explicitFileType = wrapper.application; includeInIndex = 0; path = "人海.app"; sourceTree = BUILT_PRODUCTS_DIR; };
		C55B43EB17CF580A009BB21B /* UIKit.framework */ = {isa = PBXFileReference; lastKnownFileType = wrapper.framework; name = UIKit.framework; path = System/Library/Frameworks/UIKit.framework; sourceTree = SDKROOT; };
		C55B43ED17CF580A009BB21B /* Foundation.framework */ = {isa = PBXFileReference; lastKnownFileType = wrapper.framework; name = Foundation.framework; path = System/Library/Frameworks/Foundation.framework; sourceTree = SDKROOT; };
		C55B43EF17CF580A009BB21B /* CoreGraphics.framework */ = {isa = PBXFileReference; lastKnownFileType = wrapper.framework; name = CoreGraphics.framework; path = System/Library/Frameworks/CoreGraphics.framework; sourceTree = SDKROOT; };
		C55B43F317CF580A009BB21B /* RenHai-Info.plist */ = {isa = PBXFileReference; lastKnownFileType = text.plist.xml; path = "RenHai-Info.plist"; sourceTree = "<group>"; };
		C55B43F517CF580A009BB21B /* en */ = {isa = PBXFileReference; lastKnownFileType = text.plist.strings; name = en; path = en.lproj/InfoPlist.strings; sourceTree = "<group>"; };
		C55B43F717CF580A009BB21B /* main.m */ = {isa = PBXFileReference; lastKnownFileType = sourcecode.c.objc; path = main.m; sourceTree = "<group>"; };
		C55B43F917CF580A009BB21B /* RenHai-Prefix.pch */ = {isa = PBXFileReference; lastKnownFileType = sourcecode.c.h; path = "RenHai-Prefix.pch"; sourceTree = "<group>"; };
		C55B43FA17CF580A009BB21B /* AppDelegate.h */ = {isa = PBXFileReference; lastKnownFileType = sourcecode.c.h; name = AppDelegate.h; path = ../AppDelegate.h; sourceTree = "<group>"; };
		C55B43FB17CF580A009BB21B /* AppDelegate.m */ = {isa = PBXFileReference; lastKnownFileType = sourcecode.c.objc; name = AppDelegate.m; path = ../AppDelegate.m; sourceTree = "<group>"; };
		C55B43FD17CF580A009BB21B /* Default.png */ = {isa = PBXFileReference; lastKnownFileType = image.png; path = Default.png; sourceTree = "<group>"; };
		C55B43FF17CF580A009BB21B /* Default@2x.png */ = {isa = PBXFileReference; lastKnownFileType = image.png; path = "Default@2x.png"; sourceTree = "<group>"; };
		C55B440117CF580A009BB21B /* Default-568h@2x.png */ = {isa = PBXFileReference; lastKnownFileType = image.png; path = "Default-568h@2x.png"; sourceTree = "<group>"; };
		C55B440417CF580A009BB21B /* en */ = {isa = PBXFileReference; lastKnownFileType = file.storyboard; name = en; path = en.lproj/MainStoryboard_iPhone.storyboard; sourceTree = "<group>"; };
		C55B440717CF580A009BB21B /* en */ = {isa = PBXFileReference; lastKnownFileType = file.storyboard; name = en; path = en.lproj/MainStoryboard_iPad.storyboard; sourceTree = "<group>"; };
		C55B440917CF580A009BB21B /* ViewController.h */ = {isa = PBXFileReference; lastKnownFileType = sourcecode.c.h; name = ViewController.h; path = ../../ViewController.h; sourceTree = "<group>"; };
		C55B440A17CF580A009BB21B /* ViewController.m */ = {isa = PBXFileReference; lastKnownFileType = sourcecode.c.objc; name = ViewController.m; path = ../../ViewController.m; sourceTree = "<group>"; };
		C55B442117CF5992009BB21B /* 人海测试.app */ = {isa = PBXFileReference; explicitFileType = wrapper.application; includeInIndex = 0; path = "人海测试.app"; sourceTree = BUILT_PRODUCTS_DIR; };
		C55B442717CF5992009BB21B /* RenHaiGHUnitTest-Info.plist */ = {isa = PBXFileReference; lastKnownFileType = text.plist.xml; path = "RenHaiGHUnitTest-Info.plist"; sourceTree = "<group>"; };
		C55B442917CF5992009BB21B /* en */ = {isa = PBXFileReference; lastKnownFileType = text.plist.strings; name = en; path = en.lproj/InfoPlist.strings; sourceTree = "<group>"; };
		C55B442B17CF5992009BB21B /* main.m */ = {isa = PBXFileReference; lastKnownFileType = sourcecode.c.objc; path = main.m; sourceTree = "<group>"; };
		C55B442D17CF5993009BB21B /* RenHaiGHUnitTest-Prefix.pch */ = {isa = PBXFileReference; lastKnownFileType = sourcecode.c.h; path = "RenHaiGHUnitTest-Prefix.pch"; sourceTree = "<group>"; };
		C55B443117CF5993009BB21B /* Default.png */ = {isa = PBXFileReference; lastKnownFileType = image.png; path = Default.png; sourceTree = "<group>"; };
		C55B443317CF5993009BB21B /* Default@2x.png */ = {isa = PBXFileReference; lastKnownFileType = image.png; path = "Default@2x.png"; sourceTree = "<group>"; };
		C55B443517CF5993009BB21B /* Default-568h@2x.png */ = {isa = PBXFileReference; lastKnownFileType = image.png; path = "Default-568h@2x.png"; sourceTree = "<group>"; };
		C55B443717CF5993009BB21B /* ViewController.h */ = {isa = PBXFileReference; lastKnownFileType = sourcecode.c.h; path = ViewController.h; sourceTree = "<group>"; };
		C55B443817CF5993009BB21B /* ViewController.m */ = {isa = PBXFileReference; lastKnownFileType = sourcecode.c.objc; path = ViewController.m; sourceTree = "<group>"; };
		C55B443B17CF5993009BB21B /* en */ = {isa = PBXFileReference; lastKnownFileType = file.xib; name = en; path = en.lproj/ViewController_iPhone.xib; sourceTree = "<group>"; };
		C55B443E17CF5993009BB21B /* en */ = {isa = PBXFileReference; lastKnownFileType = file.xib; name = en; path = en.lproj/ViewController_iPad.xib; sourceTree = "<group>"; };
		C55B444517CF5B72009BB21B /* GHUnitSampleTest.h */ = {isa = PBXFileReference; fileEncoding = 4; lastKnownFileType = sourcecode.c.h; path = GHUnitSampleTest.h; sourceTree = "<group>"; };
		C55B444617CF5B72009BB21B /* GHUnitSampleTest.m */ = {isa = PBXFileReference; fileEncoding = 4; lastKnownFileType = sourcecode.c.objc; path = GHUnitSampleTest.m; sourceTree = "<group>"; };
		C55B444E17CF5C14009BB21B /* GTMBase64.h */ = {isa = PBXFileReference; fileEncoding = 4; lastKnownFileType = sourcecode.c.h; path = GTMBase64.h; sourceTree = "<group>"; };
		C55B444F17CF5C14009BB21B /* GTMBase64.m */ = {isa = PBXFileReference; fileEncoding = 4; lastKnownFileType = sourcecode.c.objc; path = GTMBase64.m; sourceTree = "<group>"; };
		C55B445017CF5C14009BB21B /* GTMDefines.h */ = {isa = PBXFileReference; fileEncoding = 4; lastKnownFileType = sourcecode.c.h; path = GTMDefines.h; sourceTree = "<group>"; };
		C55B445417CF5DFA009BB21B /* Crashlytics.framework */ = {isa = PBXFileReference; lastKnownFileType = wrapper.framework; path = Crashlytics.framework; sourceTree = "<group>"; };
		C55B445617CF8632009BB21B /* Icon-72.png */ = {isa = PBXFileReference; lastKnownFileType = image.png; path = "Icon-72.png"; sourceTree = "<group>"; };
		C55B445717CF8632009BB21B /* Icon-Small-50.png */ = {isa = PBXFileReference; lastKnownFileType = image.png; path = "Icon-Small-50.png"; sourceTree = "<group>"; };
		C55B445817CF8632009BB21B /* Icon-Small.png */ = {isa = PBXFileReference; lastKnownFileType = image.png; path = "Icon-Small.png"; sourceTree = "<group>"; };
		C55B445917CF8632009BB21B /* Icon-Small@2x.png */ = {isa = PBXFileReference; lastKnownFileType = image.png; path = "Icon-Small@2x.png"; sourceTree = "<group>"; };
		C55B445A17CF8632009BB21B /* Icon.png */ = {isa = PBXFileReference; lastKnownFileType = image.png; path = Icon.png; sourceTree = "<group>"; };
		C55B445B17CF8632009BB21B /* Icon@2x.png */ = {isa = PBXFileReference; lastKnownFileType = image.png; path = "Icon@2x.png"; sourceTree = "<group>"; };
		C55B445C17CF8632009BB21B /* iTunesArtwork */ = {isa = PBXFileReference; lastKnownFileType = file; path = iTunesArtwork; sourceTree = "<group>"; };
		DF74808344254C64A074972F /* libPods-RenHaiGHUnitTest.a */ = {isa = PBXFileReference; explicitFileType = archive.ar; includeInIndex = 0; path = "libPods-RenHaiGHUnitTest.a"; sourceTree = BUILT_PRODUCTS_DIR; };
/* End PBXFileReference section */

/* Begin PBXFrameworksBuildPhase section */
		C55B43E517CF580A009BB21B /* Frameworks */ = {
			isa = PBXFrameworksBuildPhase;
			buildActionMask = 2147483647;
			files = (
				C55B43EC17CF580A009BB21B /* UIKit.framework in Frameworks */,
				C55B43EE17CF580A009BB21B /* Foundation.framework in Frameworks */,
				C55B43F017CF580A009BB21B /* CoreGraphics.framework in Frameworks */,
				C15369EAD9D54E87A40074DC /* libPods.a in Frameworks */,
				C55B445517CF5DFA009BB21B /* Crashlytics.framework in Frameworks */,
			);
			runOnlyForDeploymentPostprocessing = 0;
		};
		C55B441E17CF5992009BB21B /* Frameworks */ = {
			isa = PBXFrameworksBuildPhase;
			buildActionMask = 2147483647;
			files = (
				C55B442217CF5992009BB21B /* UIKit.framework in Frameworks */,
				C55B442317CF5992009BB21B /* Foundation.framework in Frameworks */,
				C55B442417CF5992009BB21B /* CoreGraphics.framework in Frameworks */,
				7A78CC9AE7E143978B28D429 /* libPods-RenHaiGHUnitTest.a in Frameworks */,
			);
			runOnlyForDeploymentPostprocessing = 0;
		};
/* End PBXFrameworksBuildPhase section */

/* Begin PBXGroup section */
		C55B43DF17CF580A009BB21B = {
			isa = PBXGroup;
			children = (
				C55B43F117CF580A009BB21B /* RenHai */,
				C55B442517CF5992009BB21B /* RenHaiGHUnitTest */,
				C55B43EA17CF580A009BB21B /* Frameworks */,
				C55B43E917CF580A009BB21B /* Products */,
				BE6EB6DB7AC443EFBAAD45CD /* Pods.xcconfig */,
				92519C2C061245F9942C7EC7 /* Pods-RenHaiGHUnitTest.xcconfig */,
			);
			sourceTree = "<group>";
		};
		C55B43E917CF580A009BB21B /* Products */ = {
			isa = PBXGroup;
			children = (
				C55B43E817CF580A009BB21B /* 人海.app */,
				C55B442117CF5992009BB21B /* 人海测试.app */,
			);
			name = Products;
			sourceTree = "<group>";
		};
		C55B43EA17CF580A009BB21B /* Frameworks */ = {
			isa = PBXGroup;
			children = (
				C55B445417CF5DFA009BB21B /* Crashlytics.framework */,
				C55B43EB17CF580A009BB21B /* UIKit.framework */,
				C55B43ED17CF580A009BB21B /* Foundation.framework */,
				C55B43EF17CF580A009BB21B /* CoreGraphics.framework */,
				9B66314B17C746578ACF6BD6 /* libPods.a */,
				DF74808344254C64A074972F /* libPods-RenHaiGHUnitTest.a */,
			);
			name = Frameworks;
			sourceTree = "<group>";
		};
		C55B43F117CF580A009BB21B /* RenHai */ = {
			isa = PBXGroup;
			children = (
				C55B441517CF587A009BB21B /* Src */,
				C55B441117CF587A009BB21B /* Lib */,
				C55B441217CF587A009BB21B /* Res */,
				C55B43F217CF580A009BB21B /* Supporting Files */,
			);
			path = RenHai;
			sourceTree = "<group>";
		};
		C55B43F217CF580A009BB21B /* Supporting Files */ = {
			isa = PBXGroup;
			children = (
				C55B43F317CF580A009BB21B /* RenHai-Info.plist */,
				C55B43F417CF580A009BB21B /* InfoPlist.strings */,
				C55B43F717CF580A009BB21B /* main.m */,
				C55B43F917CF580A009BB21B /* RenHai-Prefix.pch */,
				C55B43FD17CF580A009BB21B /* Default.png */,
				C55B43FF17CF580A009BB21B /* Default@2x.png */,
				C55B440117CF580A009BB21B /* Default-568h@2x.png */,
			);
			name = "Supporting Files";
			sourceTree = "<group>";
		};
		C55B441117CF587A009BB21B /* Lib */ = {
			isa = PBXGroup;
			children = (
				C55B444D17CF5C14009BB21B /* GTMBase64 */,
			);
			path = Lib;
			sourceTree = "<group>";
		};
		C55B441217CF587A009BB21B /* Res */ = {
			isa = PBXGroup;
			children = (
				C55B441317CF587A009BB21B /* Images */,
				C55B441417CF587A009BB21B /* Sounds */,
			);
			path = Res;
			sourceTree = "<group>";
		};
		C55B441317CF587A009BB21B /* Images */ = {
			isa = PBXGroup;
			children = (
				C55B445617CF8632009BB21B /* Icon-72.png */,
				C55B445717CF8632009BB21B /* Icon-Small-50.png */,
				C55B445817CF8632009BB21B /* Icon-Small.png */,
				C55B445917CF8632009BB21B /* Icon-Small@2x.png */,
				C55B445A17CF8632009BB21B /* Icon.png */,
				C55B445B17CF8632009BB21B /* Icon@2x.png */,
				C55B445C17CF8632009BB21B /* iTunesArtwork */,
			);
			path = Images;
			sourceTree = "<group>";
		};
		C55B441417CF587A009BB21B /* Sounds */ = {
			isa = PBXGroup;
			children = (
			);
			path = Sounds;
			sourceTree = "<group>";
		};
		C55B441517CF587A009BB21B /* Src */ = {
			isa = PBXGroup;
			children = (
				C55B43FA17CF580A009BB21B /* AppDelegate.h */,
				C55B43FB17CF580A009BB21B /* AppDelegate.m */,
				C55B441617CF58B6009BB21B /* AppData */,
				C55B441717CF58B6009BB21B /* Common */,
				C55B441817CF58B6009BB21B /* Communication */,
				C55B441917CF58B6009BB21B /* GUI */,
				C55B441A17CF58B6009BB21B /* Logger */,
				C55B441B17CF58B6009BB21B /* UserData */,
				C55B441C17CF58B6009BB21B /* WebRTC */,
			);
			path = Src;
			sourceTree = "<group>";
		};
		C55B441617CF58B6009BB21B /* AppData */ = {
			isa = PBXGroup;
			children = (
			);
			path = AppData;
			sourceTree = "<group>";
		};
		C55B441717CF58B6009BB21B /* Common */ = {
			isa = PBXGroup;
			children = (
			);
			path = Common;
			sourceTree = "<group>";
		};
		C55B441817CF58B6009BB21B /* Communication */ = {
			isa = PBXGroup;
			children = (
			);
			path = Communication;
			sourceTree = "<group>";
		};
		C55B441917CF58B6009BB21B /* GUI */ = {
			isa = PBXGroup;
			children = (
				C55B440917CF580A009BB21B /* ViewController.h */,
				C55B440A17CF580A009BB21B /* ViewController.m */,
				C55B440317CF580A009BB21B /* MainStoryboard_iPhone.storyboard */,
				C55B440617CF580A009BB21B /* MainStoryboard_iPad.storyboard */,
			);
			path = GUI;
			sourceTree = "<group>";
		};
		C55B441A17CF58B6009BB21B /* Logger */ = {
			isa = PBXGroup;
			children = (
			);
			path = Logger;
			sourceTree = "<group>";
		};
		C55B441B17CF58B6009BB21B /* UserData */ = {
			isa = PBXGroup;
			children = (
			);
			path = UserData;
			sourceTree = "<group>";
		};
		C55B441C17CF58B6009BB21B /* WebRTC */ = {
			isa = PBXGroup;
			children = (
			);
			path = WebRTC;
			sourceTree = "<group>";
		};
		C55B442517CF5992009BB21B /* RenHaiGHUnitTest */ = {
			isa = PBXGroup;
			children = (
				C55B444417CF5B4A009BB21B /* TestCases */,
				C55B444317CF5B4A009BB21B /* Libraries */,
				C55B442617CF5992009BB21B /* Supporting Files */,
			);
			path = RenHaiGHUnitTest;
			sourceTree = "<group>";
		};
		C55B442617CF5992009BB21B /* Supporting Files */ = {
			isa = PBXGroup;
			children = (
				C55B443717CF5993009BB21B /* ViewController.h */,
				C55B443817CF5993009BB21B /* ViewController.m */,
				C55B443A17CF5993009BB21B /* ViewController_iPhone.xib */,
				C55B443D17CF5993009BB21B /* ViewController_iPad.xib */,
				C55B442717CF5992009BB21B /* RenHaiGHUnitTest-Info.plist */,
				C55B442817CF5992009BB21B /* InfoPlist.strings */,
				C55B442B17CF5992009BB21B /* main.m */,
				C55B442D17CF5993009BB21B /* RenHaiGHUnitTest-Prefix.pch */,
				C55B443117CF5993009BB21B /* Default.png */,
				C55B443317CF5993009BB21B /* Default@2x.png */,
				C55B443517CF5993009BB21B /* Default-568h@2x.png */,
			);
			name = "Supporting Files";
			sourceTree = "<group>";
		};
		C55B444317CF5B4A009BB21B /* Libraries */ = {
			isa = PBXGroup;
			children = (
			);
			path = Libraries;
			sourceTree = "<group>";
		};
		C55B444417CF5B4A009BB21B /* TestCases */ = {
			isa = PBXGroup;
			children = (
				C55B444517CF5B72009BB21B /* GHUnitSampleTest.h */,
				C55B444617CF5B72009BB21B /* GHUnitSampleTest.m */,
			);
			path = TestCases;
			sourceTree = "<group>";
		};
		C55B444D17CF5C14009BB21B /* GTMBase64 */ = {
			isa = PBXGroup;
			children = (
				C55B444E17CF5C14009BB21B /* GTMBase64.h */,
				C55B444F17CF5C14009BB21B /* GTMBase64.m */,
				C55B445017CF5C14009BB21B /* GTMDefines.h */,
			);
			path = GTMBase64;
			sourceTree = "<group>";
		};
/* End PBXGroup section */

/* Begin PBXNativeTarget section */
		C55B43E717CF580A009BB21B /* RenHai */ = {
			isa = PBXNativeTarget;
			buildConfigurationList = C55B440E17CF580A009BB21B /* Build configuration list for PBXNativeTarget "RenHai" */;
			buildPhases = (
				62A41906FFA9465A970C7A06 /* Check Pods Manifest.lock */,
				C55B43E417CF580A009BB21B /* Sources */,
				C55B43E517CF580A009BB21B /* Frameworks */,
				C55B43E617CF580A009BB21B /* Resources */,
				146995957BB44944A99B64BD /* Copy Pods Resources */,
				C55B445317CF5D9A009BB21B /* ShellScript */,
			);
			buildRules = (
			);
			dependencies = (
			);
			name = RenHai;
			productName = RenHai;
			productReference = C55B43E817CF580A009BB21B /* 人海.app */;
			productType = "com.apple.product-type.application";
		};
		C55B442017CF5992009BB21B /* RenHaiGHUnitTest */ = {
			isa = PBXNativeTarget;
			buildConfigurationList = C55B444017CF5993009BB21B /* Build configuration list for PBXNativeTarget "RenHaiGHUnitTest" */;
			buildPhases = (
				51DF468EFF3741DB9C0EE23B /* Check Pods Manifest.lock */,
				C55B441D17CF5992009BB21B /* Sources */,
				C55B441E17CF5992009BB21B /* Frameworks */,
				C55B441F17CF5992009BB21B /* Resources */,
				635D7F92C4E64C989E6B81DD /* Copy Pods Resources */,
			);
			buildRules = (
			);
			dependencies = (
			);
			name = RenHaiGHUnitTest;
			productName = RenHaiGHUnitTest;
			productReference = C55B442117CF5992009BB21B /* 人海测试.app */;
			productType = "com.apple.product-type.application";
		};
/* End PBXNativeTarget section */

/* Begin PBXProject section */
		C55B43E017CF580A009BB21B /* Project object */ = {
			isa = PBXProject;
			attributes = {
				LastUpgradeCheck = 0460;
				ORGANIZATIONNAME = "Simplelife Studio";
			};
			buildConfigurationList = C55B43E317CF580A009BB21B /* Build configuration list for PBXProject "RenHai" */;
			compatibilityVersion = "Xcode 3.2";
			developmentRegion = English;
			hasScannedForEncodings = 0;
			knownRegions = (
				en,
			);
			mainGroup = C55B43DF17CF580A009BB21B;
			productRefGroup = C55B43E917CF580A009BB21B /* Products */;
			projectDirPath = "";
			projectRoot = "";
			targets = (
				C55B43E717CF580A009BB21B /* RenHai */,
				C55B442017CF5992009BB21B /* RenHaiGHUnitTest */,
			);
		};
/* End PBXProject section */

/* Begin PBXResourcesBuildPhase section */
		C55B43E617CF580A009BB21B /* Resources */ = {
			isa = PBXResourcesBuildPhase;
			buildActionMask = 2147483647;
			files = (
				C55B43F617CF580A009BB21B /* InfoPlist.strings in Resources */,
				C55B43FE17CF580A009BB21B /* Default.png in Resources */,
				C55B440017CF580A009BB21B /* Default@2x.png in Resources */,
				C55B440217CF580A009BB21B /* Default-568h@2x.png in Resources */,
				C55B440517CF580A009BB21B /* MainStoryboard_iPhone.storyboard in Resources */,
				C55B440817CF580A009BB21B /* MainStoryboard_iPad.storyboard in Resources */,
				C55B445D17CF8632009BB21B /* Icon-72.png in Resources */,
				C55B445F17CF8632009BB21B /* Icon-Small-50.png in Resources */,
				C55B446117CF8632009BB21B /* Icon-Small.png in Resources */,
				C55B446317CF8632009BB21B /* Icon-Small@2x.png in Resources */,
				C55B446517CF8632009BB21B /* Icon.png in Resources */,
				C55B446717CF8632009BB21B /* Icon@2x.png in Resources */,
				C55B446917CF8632009BB21B /* iTunesArtwork in Resources */,
			);
			runOnlyForDeploymentPostprocessing = 0;
		};
		C55B441F17CF5992009BB21B /* Resources */ = {
			isa = PBXResourcesBuildPhase;
			buildActionMask = 2147483647;
			files = (
				C55B442A17CF5992009BB21B /* InfoPlist.strings in Resources */,
				C55B443217CF5993009BB21B /* Default.png in Resources */,
				C55B443417CF5993009BB21B /* Default@2x.png in Resources */,
				C55B443617CF5993009BB21B /* Default-568h@2x.png in Resources */,
				C55B443C17CF5993009BB21B /* ViewController_iPhone.xib in Resources */,
				C55B443F17CF5993009BB21B /* ViewController_iPad.xib in Resources */,
				C55B445E17CF8632009BB21B /* Icon-72.png in Resources */,
				C55B446017CF8632009BB21B /* Icon-Small-50.png in Resources */,
				C55B446217CF8632009BB21B /* Icon-Small.png in Resources */,
				C55B446417CF8632009BB21B /* Icon-Small@2x.png in Resources */,
				C55B446617CF8632009BB21B /* Icon.png in Resources */,
				C55B446817CF8632009BB21B /* Icon@2x.png in Resources */,
				C55B446A17CF8632009BB21B /* iTunesArtwork in Resources */,
			);
			runOnlyForDeploymentPostprocessing = 0;
		};
/* End PBXResourcesBuildPhase section */

/* Begin PBXShellScriptBuildPhase section */
		146995957BB44944A99B64BD /* Copy Pods Resources */ = {
			isa = PBXShellScriptBuildPhase;
			buildActionMask = 2147483647;
			files = (
			);
			inputPaths = (
			);
			name = "Copy Pods Resources";
			outputPaths = (
			);
			runOnlyForDeploymentPostprocessing = 0;
			shellPath = /bin/sh;
			shellScript = "\"${SRCROOT}/Pods/Pods-resources.sh\"\n";
			showEnvVarsInLog = 0;
		};
		51DF468EFF3741DB9C0EE23B /* Check Pods Manifest.lock */ = {
			isa = PBXShellScriptBuildPhase;
			buildActionMask = 2147483647;
			files = (
			);
			inputPaths = (
			);
			name = "Check Pods Manifest.lock";
			outputPaths = (
			);
			runOnlyForDeploymentPostprocessing = 0;
			shellPath = /bin/sh;
			shellScript = "diff \"${PODS_ROOT}/../Podfile.lock\" \"${PODS_ROOT}/Manifest.lock\" > /dev/null\nif [[ $? != 0 ]] ; then\n    cat << EOM\nerror: The sandbox is not in sync with the Podfile.lock. Run 'pod install' or update your CocoaPods installation.\nEOM\n    exit 1\nfi\n";
			showEnvVarsInLog = 0;
		};
		62A41906FFA9465A970C7A06 /* Check Pods Manifest.lock */ = {
			isa = PBXShellScriptBuildPhase;
			buildActionMask = 2147483647;
			files = (
			);
			inputPaths = (
			);
			name = "Check Pods Manifest.lock";
			outputPaths = (
			);
			runOnlyForDeploymentPostprocessing = 0;
			shellPath = /bin/sh;
			shellScript = "diff \"${PODS_ROOT}/../Podfile.lock\" \"${PODS_ROOT}/Manifest.lock\" > /dev/null\nif [[ $? != 0 ]] ; then\n    cat << EOM\nerror: The sandbox is not in sync with the Podfile.lock. Run 'pod install' or update your CocoaPods installation.\nEOM\n    exit 1\nfi\n";
			showEnvVarsInLog = 0;
		};
		635D7F92C4E64C989E6B81DD /* Copy Pods Resources */ = {
			isa = PBXShellScriptBuildPhase;
			buildActionMask = 2147483647;
			files = (
			);
			inputPaths = (
			);
			name = "Copy Pods Resources";
			outputPaths = (
			);
			runOnlyForDeploymentPostprocessing = 0;
			shellPath = /bin/sh;
			shellScript = "\"${SRCROOT}/Pods/Pods-RenHaiGHUnitTest-resources.sh\"\n";
			showEnvVarsInLog = 0;
		};
		C55B445317CF5D9A009BB21B /* ShellScript */ = {
			isa = PBXShellScriptBuildPhase;
			buildActionMask = 2147483647;
			files = (
			);
			inputPaths = (
			);
			outputPaths = (
			);
			runOnlyForDeploymentPostprocessing = 0;
			shellPath = /bin/sh;
			shellScript = "./Crashlytics.framework/run 592220da47f22b9cdb4a9df47ea79170d94a150a";
		};
/* End PBXShellScriptBuildPhase section */

/* Begin PBXSourcesBuildPhase section */
		C55B43E417CF580A009BB21B /* Sources */ = {
			isa = PBXSourcesBuildPhase;
			buildActionMask = 2147483647;
			files = (
				C55B43F817CF580A009BB21B /* main.m in Sources */,
				C55B43FC17CF580A009BB21B /* AppDelegate.m in Sources */,
				C55B440B17CF580A009BB21B /* ViewController.m in Sources */,
				C55B445117CF5C14009BB21B /* GTMBase64.m in Sources */,
			);
			runOnlyForDeploymentPostprocessing = 0;
		};
		C55B441D17CF5992009BB21B /* Sources */ = {
			isa = PBXSourcesBuildPhase;
			buildActionMask = 2147483647;
			files = (
				C55B442C17CF5992009BB21B /* main.m in Sources */,
				C55B443917CF5993009BB21B /* ViewController.m in Sources */,
				C55B444717CF5B72009BB21B /* GHUnitSampleTest.m in Sources */,
				C55B445217CF5C14009BB21B /* GTMBase64.m in Sources */,
			);
			runOnlyForDeploymentPostprocessing = 0;
		};
/* End PBXSourcesBuildPhase section */

/* Begin PBXVariantGroup section */
		C55B43F417CF580A009BB21B /* InfoPlist.strings */ = {
			isa = PBXVariantGroup;
			children = (
				C55B43F517CF580A009BB21B /* en */,
			);
			name = InfoPlist.strings;
			sourceTree = "<group>";
		};
		C55B440317CF580A009BB21B /* MainStoryboard_iPhone.storyboard */ = {
			isa = PBXVariantGroup;
			children = (
				C55B440417CF580A009BB21B /* en */,
			);
			name = MainStoryboard_iPhone.storyboard;
			path = ../..;
			sourceTree = "<group>";
		};
		C55B440617CF580A009BB21B /* MainStoryboard_iPad.storyboard */ = {
			isa = PBXVariantGroup;
			children = (
				C55B440717CF580A009BB21B /* en */,
			);
			name = MainStoryboard_iPad.storyboard;
			path = ../..;
			sourceTree = "<group>";
		};
		C55B442817CF5992009BB21B /* InfoPlist.strings */ = {
			isa = PBXVariantGroup;
			children = (
				C55B442917CF5992009BB21B /* en */,
			);
			name = InfoPlist.strings;
			sourceTree = "<group>";
		};
		C55B443A17CF5993009BB21B /* ViewController_iPhone.xib */ = {
			isa = PBXVariantGroup;
			children = (
				C55B443B17CF5993009BB21B /* en */,
			);
			name = ViewController_iPhone.xib;
			sourceTree = "<group>";
		};
		C55B443D17CF5993009BB21B /* ViewController_iPad.xib */ = {
			isa = PBXVariantGroup;
			children = (
				C55B443E17CF5993009BB21B /* en */,
			);
			name = ViewController_iPad.xib;
			sourceTree = "<group>";
		};
/* End PBXVariantGroup section */

/* Begin XCBuildConfiguration section */
		C55B440C17CF580A009BB21B /* Debug */ = {
			isa = XCBuildConfiguration;
			buildSettings = {
				ALWAYS_SEARCH_USER_PATHS = NO;
				CLANG_CXX_LANGUAGE_STANDARD = "gnu++0x";
				CLANG_CXX_LIBRARY = "libc++";
				CLANG_ENABLE_OBJC_ARC = YES;
				CLANG_WARN_CONSTANT_CONVERSION = YES;
				CLANG_WARN_EMPTY_BODY = YES;
				CLANG_WARN_ENUM_CONVERSION = YES;
				CLANG_WARN_INT_CONVERSION = YES;
				CLANG_WARN__DUPLICATE_METHOD_MATCH = YES;
				"CODE_SIGN_IDENTITY[sdk=iphoneos*]" = "iPhone Developer";
				COPY_PHASE_STRIP = NO;
				GCC_C_LANGUAGE_STANDARD = gnu99;
				GCC_DYNAMIC_NO_PIC = NO;
				GCC_OPTIMIZATION_LEVEL = 0;
				GCC_PREPROCESSOR_DEFINITIONS = (
					"DEBUG=1",
					"$(inherited)",
				);
				GCC_SYMBOLS_PRIVATE_EXTERN = NO;
				GCC_WARN_ABOUT_RETURN_TYPE = YES;
				GCC_WARN_UNINITIALIZED_AUTOS = YES;
				GCC_WARN_UNUSED_VARIABLE = YES;
				IPHONEOS_DEPLOYMENT_TARGET = 6.1;
				ONLY_ACTIVE_ARCH = YES;
				SDKROOT = iphoneos;
				TARGETED_DEVICE_FAMILY = "1,2";
			};
			name = Debug;
		};
		C55B440D17CF580A009BB21B /* Release */ = {
			isa = XCBuildConfiguration;
			buildSettings = {
				ALWAYS_SEARCH_USER_PATHS = NO;
				CLANG_CXX_LANGUAGE_STANDARD = "gnu++0x";
				CLANG_CXX_LIBRARY = "libc++";
				CLANG_ENABLE_OBJC_ARC = YES;
				CLANG_WARN_CONSTANT_CONVERSION = YES;
				CLANG_WARN_EMPTY_BODY = YES;
				CLANG_WARN_ENUM_CONVERSION = YES;
				CLANG_WARN_INT_CONVERSION = YES;
				CLANG_WARN__DUPLICATE_METHOD_MATCH = YES;
				"CODE_SIGN_IDENTITY[sdk=iphoneos*]" = "iPhone Developer";
				COPY_PHASE_STRIP = YES;
				GCC_C_LANGUAGE_STANDARD = gnu99;
				GCC_WARN_ABOUT_RETURN_TYPE = YES;
				GCC_WARN_UNINITIALIZED_AUTOS = YES;
				GCC_WARN_UNUSED_VARIABLE = YES;
				IPHONEOS_DEPLOYMENT_TARGET = 6.1;
				OTHER_CFLAGS = "-DNS_BLOCK_ASSERTIONS=1";
				SDKROOT = iphoneos;
				TARGETED_DEVICE_FAMILY = "1,2";
				VALIDATE_PRODUCT = YES;
			};
			name = Release;
		};
		C55B440F17CF580A009BB21B /* Debug */ = {
			isa = XCBuildConfiguration;
			baseConfigurationReference = BE6EB6DB7AC443EFBAAD45CD /* Pods.xcconfig */;
			buildSettings = {
				FRAMEWORK_SEARCH_PATHS = (
					"$(inherited)",
					"\"$(SRCROOT)\"",
				);
				GCC_PRECOMPILE_PREFIX_HEADER = YES;
				GCC_PREFIX_HEADER = "RenHai/RenHai-Prefix.pch";
				INFOPLIST_FILE = "RenHai/RenHai-Info.plist";
				PRODUCT_NAME = "人海";
				WRAPPER_EXTENSION = app;
			};
			name = Debug;
		};
		C55B441017CF580A009BB21B /* Release */ = {
			isa = XCBuildConfiguration;
			baseConfigurationReference = BE6EB6DB7AC443EFBAAD45CD /* Pods.xcconfig */;
			buildSettings = {
				FRAMEWORK_SEARCH_PATHS = (
					"$(inherited)",
					"\"$(SRCROOT)\"",
				);
				GCC_PRECOMPILE_PREFIX_HEADER = YES;
				GCC_PREFIX_HEADER = "RenHai/RenHai-Prefix.pch";
				INFOPLIST_FILE = "RenHai/RenHai-Info.plist";
				PRODUCT_NAME = "人海";
				WRAPPER_EXTENSION = app;
			};
			name = Release;
		};
		C55B444117CF5993009BB21B /* Debug */ = {
			isa = XCBuildConfiguration;
			baseConfigurationReference = 92519C2C061245F9942C7EC7 /* Pods-RenHaiGHUnitTest.xcconfig */;
			buildSettings = {
				"CODE_SIGN_IDENTITY[sdk=iphoneos*]" = "iPhone Developer";
				GCC_PRECOMPILE_PREFIX_HEADER = YES;
				GCC_PREFIX_HEADER = "RenHaiGHUnitTest/RenHaiGHUnitTest-Prefix.pch";
				INFOPLIST_FILE = "RenHaiGHUnitTest/RenHaiGHUnitTest-Info.plist";
				PRODUCT_NAME = "人海测试";
				WRAPPER_EXTENSION = app;
			};
			name = Debug;
		};
		C55B444217CF5993009BB21B /* Release */ = {
			isa = XCBuildConfiguration;
			baseConfigurationReference = 92519C2C061245F9942C7EC7 /* Pods-RenHaiGHUnitTest.xcconfig */;
			buildSettings = {
				"CODE_SIGN_IDENTITY[sdk=iphoneos*]" = "iPhone Developer";
				GCC_PRECOMPILE_PREFIX_HEADER = YES;
				GCC_PREFIX_HEADER = "RenHaiGHUnitTest/RenHaiGHUnitTest-Prefix.pch";
				INFOPLIST_FILE = "RenHaiGHUnitTest/RenHaiGHUnitTest-Info.plist";
				PRODUCT_NAME = "人海测试";
				WRAPPER_EXTENSION = app;
			};
			name = Release;
		};
/* End XCBuildConfiguration section */

/* Begin XCConfigurationList section */
		C55B43E317CF580A009BB21B /* Build configuration list for PBXProject "RenHai" */ = {
			isa = XCConfigurationList;
			buildConfigurations = (
				C55B440C17CF580A009BB21B /* Debug */,
				C55B440D17CF580A009BB21B /* Release */,
			);
			defaultConfigurationIsVisible = 0;
			defaultConfigurationName = Release;
		};
		C55B440E17CF580A009BB21B /* Build configuration list for PBXNativeTarget "RenHai" */ = {
			isa = XCConfigurationList;
			buildConfigurations = (
				C55B440F17CF580A009BB21B /* Debug */,
				C55B441017CF580A009BB21B /* Release */,
			);
			defaultConfigurationIsVisible = 0;
			defaultConfigurationName = Release;
		};
		C55B444017CF5993009BB21B /* Build configuration list for PBXNativeTarget "RenHaiGHUnitTest" */ = {
			isa = XCConfigurationList;
			buildConfigurations = (
				C55B444117CF5993009BB21B /* Debug */,
				C55B444217CF5993009BB21B /* Release */,
			);
			defaultConfigurationIsVisible = 0;
			defaultConfigurationName = Release;
		};
/* End XCConfigurationList section */
	};
	rootObject = C55B43E017CF580A009BB21B /* Project object */;
}
